
Microsoft Visual Studio Solution File, Format Version 12.00
# Visual Studio Version 16
VisualStudioVersion = 16.0.31624.102
MinimumVisualStudioVersion = 10.0.40219.1
Project("{9A19103F-16F7-4668-BE54-9A1E7A4F7556}") = "MCAJawIns", "MCAJawIns.csproj", "{8116D6E1-B7F2-445C-8DEB-52264871941C}"
EndProject
Project("{FAE04EC0-301F-11D3-BF4B-00C04F79EFBC}") = "SystemInfo", "..\SystemInfo\SystemInfo.csproj", "{926BF729-AB3C-4FD5-8C38-AA727747FF9D}"
EndProject
Global
	GlobalSection(SolutionConfigurationPlatforms) = preSolution
		Debug|Any CPU = Debug|Any CPU
		Release|Any CPU = Release|Any CPU
	EndGlobalSection
	GlobalSection(ProjectConfigurationPlatforms) = postSolution
		{8116D6E1-B7F2-445C-8DEB-52264871941C}.Debug|Any CPU.ActiveCfg = Debug|Any CPU
		{8116D6E1-B7F2-445C-8DEB-52264871941C}.Debug|Any CPU.Build.0 = Debug|Any CPU
		{8116D6E1-B7F2-445C-8DEB-52264871941C}.Release|Any CPU.ActiveCfg = Release|Any CPU
		{8116D6E1-B7F2-445C-8DEB-52264871941C}.Release|Any CPU.Build.0 = Release|Any CPU
		{926BF729-AB3C-4FD5-8C38-AA727747FF9D}.Debug|Any CPU.ActiveCfg = Debug|Any CPU
		{926BF729-AB3C-4FD5-8C38-AA727747FF9D}.Debug|Any CPU.Build.0 = Debug|Any CPU
		{926BF729-AB3C-4FD5-8C38-AA727747FF9D}.Release|Any CPU.ActiveCfg = Release|Any CPU
		{926BF729-AB3C-4FD5-8C38-AA727747FF9D}.Release|Any CPU.Build.0 = Release|Any CPU
	EndGlobalSection
	GlobalSection(SolutionProperties) = preSolution
		HideSolutionNode = FALSE
	EndGlobalSection
	GlobalSection(ExtensibilityGlobals) = postSolution
		SolutionGuid = {E86CFCD0-134C-4082-823B-BFF12D8292D6}
	EndGlobalSection
EndGlobal
